
Microsoft Visual Studio Solution File, Format Version 12.00
# Visual Studio Version 17
VisualStudioVersion = 17.1.32228.430
MinimumVisualStudioVersion = 10.0.40219.1
Project("{9A19103F-16F7-4668-BE54-9A1E7A4F7556}") = "PartyBot.Console", "PartyBot.Console\PartyBot.Console.csproj", "{59B9C46F-97E5-4E35-A699-8284487F1A8F}"
EndProject
Project("{9A19103F-16F7-4668-BE54-9A1E7A4F7556}") = "PartyBot.DiscordClient", "PartyBot.DiscordClient\PartyBot.DiscordClient.csproj", "{96742EFC-E6F2-4444-BC5B-EC065426B57A}"
EndProject
Project("{9A19103F-16F7-4668-BE54-9A1E7A4F7556}") = "PartyBot.Database", "PartyBot.Database\PartyBot.Database.csproj", "{966DE1F3-AE6D-4684-B7C5-16CD2321573D}"
EndProject
Project("{2150E333-8FDC-42A3-9474-1A3956D46DE8}") = "Solution Items", "Solution Items", "{37C94529-E026-46DA-8775-6356C13E3130}"
	ProjectSection(SolutionItems) = preProject
		.editorconfig = .editorconfig
		.gitignore = .gitignore
	EndProjectSection
EndProject
Project("{9A19103F-16F7-4668-BE54-9A1E7A4F7556}") = "PartyBot.DiscordClient.Test", "PartyBot.DiscordClient.Test\PartyBot.DiscordClient.Test.csproj", "{61B42940-F716-46D0-A396-4A999AFA040F}"
EndProject
Project("{FAE04EC0-301F-11D3-BF4B-00C04F79EFBC}") = "PartyBot.ScreenParser.Console", "PartyBot.ScreenParser.Console\PartyBot.ScreenParser.Console.csproj", "{E2498E77-D507-4B61-8973-2DE2E4D4B0F6}"
EndProject
Global
	GlobalSection(SolutionConfigurationPlatforms) = preSolution
		Debug|Any CPU = Debug|Any CPU
		Release|Any CPU = Release|Any CPU
	EndGlobalSection
	GlobalSection(ProjectConfigurationPlatforms) = postSolution
		{59B9C46F-97E5-4E35-A699-8284487F1A8F}.Debug|Any CPU.ActiveCfg = Debug|Any CPU
		{59B9C46F-97E5-4E35-A699-8284487F1A8F}.Debug|Any CPU.Build.0 = Debug|Any CPU
		{59B9C46F-97E5-4E35-A699-8284487F1A8F}.Release|Any CPU.ActiveCfg = Release|Any CPU
		{59B9C46F-97E5-4E35-A699-8284487F1A8F}.Release|Any CPU.Build.0 = Release|Any CPU
		{96742EFC-E6F2-4444-BC5B-EC065426B57A}.Debug|Any CPU.ActiveCfg = Debug|Any CPU
		{96742EFC-E6F2-4444-BC5B-EC065426B57A}.Debug|Any CPU.Build.0 = Debug|Any CPU
		{96742EFC-E6F2-4444-BC5B-EC065426B57A}.Release|Any CPU.ActiveCfg = Release|Any CPU
		{96742EFC-E6F2-4444-BC5B-EC065426B57A}.Release|Any CPU.Build.0 = Release|Any CPU
		{966DE1F3-AE6D-4684-B7C5-16CD2321573D}.Debug|Any CPU.ActiveCfg = Debug|Any CPU
		{966DE1F3-AE6D-4684-B7C5-16CD2321573D}.Debug|Any CPU.Build.0 = Debug|Any CPU
		{966DE1F3-AE6D-4684-B7C5-16CD2321573D}.Release|Any CPU.ActiveCfg = Release|Any CPU
		{966DE1F3-AE6D-4684-B7C5-16CD2321573D}.Release|Any CPU.Build.0 = Release|Any CPU
		{61B42940-F716-46D0-A396-4A999AFA040F}.Debug|Any CPU.ActiveCfg = Debug|Any CPU
		{61B42940-F716-46D0-A396-4A999AFA040F}.Debug|Any CPU.Build.0 = Debug|Any CPU
		{61B42940-F716-46D0-A396-4A999AFA040F}.Release|Any CPU.ActiveCfg = Release|Any CPU
		{61B42940-F716-46D0-A396-4A999AFA040F}.Release|Any CPU.Build.0 = Release|Any CPU
		{E2498E77-D507-4B61-8973-2DE2E4D4B0F6}.Debug|Any CPU.ActiveCfg = Debug|Any CPU
		{E2498E77-D507-4B61-8973-2DE2E4D4B0F6}.Debug|Any CPU.Build.0 = Debug|Any CPU
		{E2498E77-D507-4B61-8973-2DE2E4D4B0F6}.Release|Any CPU.ActiveCfg = Release|Any CPU
		{E2498E77-D507-4B61-8973-2DE2E4D4B0F6}.Release|Any CPU.Build.0 = Release|Any CPU
	EndGlobalSection
	GlobalSection(SolutionProperties) = preSolution
		HideSolutionNode = FALSE
	EndGlobalSection
	GlobalSection(ExtensibilityGlobals) = postSolution
		SolutionGuid = {E35D3D78-E49C-4F8C-9D98-FC32A8AC846E}
	EndGlobalSection
EndGlobal
